{
    "_meta": {
        "hash": {
            "sha256": "6fa95e76ff509bb28c087d6a813716177c9831703da3d529bb07e8f31a85dfda"
        },
        "pipfile-spec": 6,
        "requires": {
            "python_full_version": "3.7.3"
        },
        "sources": [
            {
                "name": "pypi",
                "url": "https://pypi.python.org/simple",
                "verify_ssl": true
            }
        ]
    },
    "default": {
        "belogging": {
            "hashes": [
                "sha256:1fe042d8e8cc89ca748e415e0eaeba105d3541ec9e8e0838639c78f3d6da68eb",
                "sha256:1feac2b6a1772a3dfaabddcb29039dead51d96309802ca91d5b03e4424ed2942"
            ],
            "index": "pypi",
            "version": "==0.1.3"
        },
        "certifi": {
            "hashes": [
                "sha256:1d987a998c75633c40847cc966fcf5904906c920a7f17ef374f5aa4282abd304",
                "sha256:51fcb31174be6e6664c5f69e3e1691a2d72a1a12e90f872cbdb1567eb47b6519"
            ],
            "version": "==2020.4.5.1"
        },
        "chardet": {
            "hashes": [
                "sha256:84ab92ed1c4d4f16916e05906b6b75a6c0fb5db821cc65e70cbd64a3e2a5eaae",
                "sha256:fc323ffcaeaed0e0a02bf4d117757b98aed530d9ed4531e3e15460124c106691"
            ],
            "version": "==3.0.4"
        },
        "coreapi": {
            "hashes": [
                "sha256:46145fcc1f7017c076a2ef684969b641d18a2991051fddec9458ad3f78ffc1cb",
                "sha256:bf39d118d6d3e171f10df9ede5666f63ad80bba9a29a8ec17726a66cf52ee6f3"
            ],
            "version": "==2.3.3"
        },
        "coreschema": {
            "hashes": [
                "sha256:5e6ef7bf38c1525d5e55a895934ab4273548629f16aed5c0a6caa74ebf45551f",
                "sha256:9503506007d482ab0867ba14724b93c18a33b22b6d19fb419ef2d239dd4a1607"
            ],
            "version": "==0.0.4"
        },
        "dj-database-url": {
            "hashes": [
                "sha256:4aeaeb1f573c74835b0686a2b46b85990571159ffc21aa57ecd4d1e1cb334163",
                "sha256:851785365761ebe4994a921b433062309eb882fedd318e1b0fcecc607ed02da9"
            ],
            "index": "pypi",
            "version": "==0.5.0"
        },
        "django": {
            "hashes": [
                "sha256:84f370f6acedbe1f3c41e1a02de44ac206efda3355e427139ecb785b5f596d80",
                "sha256:e8fe3c2b2212dce6126becab7a693157f1a441a07b62ec994c046c76af5bb66d"
            ],
            "index": "pypi",
            "version": "==2.2.13"
        },
        "django-extensions": {
            "hashes": [
                "sha256:2f81b618ba4d1b0e58603e25012e5c74f88a4b706e0022a3b21f24f0322a6ce6",
                "sha256:b19182d101a441fe001c5753553a901e2ef3ff60e8fbbe38881eb4a61fdd17c4"
            ],
            "index": "pypi",
            "version": "==2.2.9"
        },
        "django-log-request-id": {
            "hashes": [
                "sha256:6de236ed69406b37450c87f952e05d07a1dbefe9453c2d541b47c09bb1a66d0d"
            ],
            "index": "pypi",
            "version": "==1.5.0"
        },
        "django-mysql": {
            "hashes": [
                "sha256:60c7813c5694521ecf968c6e750e1314d4079c48cd181e0352e958b5f0bb44ba",
                "sha256:c382dbe48372b868657431c9af16be2b9e72c42ea57e6e4c5a04b19fd0b4fd39"
            ],
            "index": "pypi",
            "version": "==3.5.0"
        },
        "djangorestframework": {
            "hashes": [
                "sha256:05809fc66e1c997fd9a32ea5730d9f4ba28b109b9da71fccfa5ff241201fd0a4",
                "sha256:e782087823c47a26826ee5b6fa0c542968219263fb3976ec3c31edab23a4001f"
            ],
            "index": "pypi",
            "version": "==3.11.0"
        },
        "djangorestframework-jsonmask": {
            "hashes": [
                "sha256:09fca86cf62ea4f1e2b09c82376773ed204052772c66bf6ee666c169bf1094dc",
                "sha256:1018c0d6a6d964b038feeebf24b63086bc20d072999bb5708d9c9ae2b514bc11"
            ],
            "index": "pypi",
            "version": "==0.1.1"
        },
        "drf-yasg": {
            "hashes": [
                "sha256:5572e9d5baab9f6b49318169df9789f7399d0e3c7bdac8fdb8dfccf1d5d2b1ca",
                "sha256:7d7af27ad16e18507e9392b2afd6b218fbffc432ec8dbea053099a2241e184ff"
            ],
            "index": "pypi",
            "version": "==1.17.1"
        },
        "idna": {
            "hashes": [
                "sha256:7588d1c14ae4c77d74036e8c22ff447b26d0fde8f007354fd48a7814db15b7cb",
                "sha256:a068a21ceac8a4d63dbfd964670474107f541babbd2250d61922f029858365fa"
            ],
            "version": "==2.9"
        },
        "inflection": {
            "hashes": [
                "sha256:32a5c3341d9583ec319548b9015b7fbdf8c429cbcb575d326c33ae3a0e90d52c",
                "sha256:9a15d3598f01220e93f2207c432cfede50daff53137ce660fb8be838ef1ca6cc"
            ],
            "version": "==0.4.0"
        },
        "itypes": {
            "hashes": [
                "sha256:03da6872ca89d29aef62773672b2d408f490f80db48b23079a4b194c86dd04c6",
                "sha256:af886f129dea4a2a1e3d36595a2d139589e4dd287f5cab0b40e799ee81570ff1"
            ],
            "version": "==1.2.0"
        },
        "jinja2": {
            "hashes": [
                "sha256:89aab215427ef59c34ad58735269eb58b1a5808103067f7bb9d5836c651b3bb0",
                "sha256:f0a4641d3cf955324a89c04f3d94663aa4d638abe8f733ecd3582848e1c37035"
            ],
            "version": "==2.11.2"
        },
        "jsonmask": {
            "hashes": [
                "sha256:0251c83f3530d21016dd50130e34cee17044f0b9da4a8ebef85197c9fff1ce67",
                "sha256:de73eeea74e1eed12ded1fe1dca729119d7640a4cb69b8e1e255da5e7cb6d268"
            ],
            "version": "==0.1.1"
        },
        "markupsafe": {
            "hashes": [
                "sha256:00bc623926325b26bb9605ae9eae8a215691f33cae5df11ca5424f06f2d1f473",
                "sha256:09027a7803a62ca78792ad89403b1b7a73a01c8cb65909cd876f7fcebd79b161",
                "sha256:09c4b7f37d6c648cb13f9230d847adf22f8171b1ccc4d5682398e77f40309235",
                "sha256:1027c282dad077d0bae18be6794e6b6b8c91d58ed8a8d89a89d59693b9131db5",
                "sha256:13d3144e1e340870b25e7b10b98d779608c02016d5184cfb9927a9f10c689f42",
                "sha256:24982cc2533820871eba85ba648cd53d8623687ff11cbb805be4ff7b4c971aff",
                "sha256:29872e92839765e546828bb7754a68c418d927cd064fd4708fab9fe9c8bb116b",
                "sha256:43a55c2930bbc139570ac2452adf3d70cdbb3cfe5912c71cdce1c2c6bbd9c5d1",
                "sha256:46c99d2de99945ec5cb54f23c8cd5689f6d7177305ebff350a58ce5f8de1669e",
                "sha256:500d4957e52ddc3351cabf489e79c91c17f6e0899158447047588650b5e69183",
                "sha256:535f6fc4d397c1563d08b88e485c3496cf5784e927af890fb3c3aac7f933ec66",
                "sha256:596510de112c685489095da617b5bcbbac7dd6384aeebeda4df6025d0256a81b",
                "sha256:62fe6c95e3ec8a7fad637b7f3d372c15ec1caa01ab47926cfdf7a75b40e0eac1",
                "sha256:6788b695d50a51edb699cb55e35487e430fa21f1ed838122d722e0ff0ac5ba15",
                "sha256:6dd73240d2af64df90aa7c4e7481e23825ea70af4b4922f8ede5b9e35f78a3b1",
                "sha256:717ba8fe3ae9cc0006d7c451f0bb265ee07739daf76355d06366154ee68d221e",
                "sha256:79855e1c5b8da654cf486b830bd42c06e8780cea587384cf6545b7d9ac013a0b",
                "sha256:7c1699dfe0cf8ff607dbdcc1e9b9af1755371f92a68f706051cc8c37d447c905",
                "sha256:88e5fcfb52ee7b911e8bb6d6aa2fd21fbecc674eadd44118a9cc3863f938e735",
                "sha256:8defac2f2ccd6805ebf65f5eeb132adcf2ab57aa11fdf4c0dd5169a004710e7d",
                "sha256:98c7086708b163d425c67c7a91bad6e466bb99d797aa64f965e9d25c12111a5e",
                "sha256:9add70b36c5666a2ed02b43b335fe19002ee5235efd4b8a89bfcf9005bebac0d",
                "sha256:9bf40443012702a1d2070043cb6291650a0841ece432556f784f004937f0f32c",
                "sha256:ade5e387d2ad0d7ebf59146cc00c8044acbd863725f887353a10df825fc8ae21",
                "sha256:b00c1de48212e4cc9603895652c5c410df699856a2853135b3967591e4beebc2",
                "sha256:b1282f8c00509d99fef04d8ba936b156d419be841854fe901d8ae224c59f0be5",
                "sha256:b2051432115498d3562c084a49bba65d97cf251f5a331c64a12ee7e04dacc51b",
                "sha256:ba59edeaa2fc6114428f1637ffff42da1e311e29382d81b339c1817d37ec93c6",
                "sha256:c8716a48d94b06bb3b2524c2b77e055fb313aeb4ea620c8dd03a105574ba704f",
                "sha256:cd5df75523866410809ca100dc9681e301e3c27567cf498077e8551b6d20e42f",
                "sha256:cdb132fc825c38e1aeec2c8aa9338310d29d337bebbd7baa06889d09a60a1fa2",
                "sha256:e249096428b3ae81b08327a63a485ad0878de3fb939049038579ac0ef61e17e7",
                "sha256:e8313f01ba26fbbe36c7be1966a7b7424942f670f38e666995b88d012765b9be"
            ],
            "version": "==1.1.1"
        },
        "mysql-connector-python": {
            "hashes": [
                "sha256:0f4cf26d89a7d99ec215e01e47bac40935dc80c573005395dbc18890856f87a5",
                "sha256:0f847818de953ebf53028fedfcb5622e11d226f01b1c5a93010063f78ab95b34",
                "sha256:1b6f1dbe964990604782e55c5570a8a968ba1da7371ad75ed4ddd8be0129c0cf",
                "sha256:1ed1f29e8db935c30b33b9d137660f70a71d8757a99e16e3f51a40867f6c5ec0",
                "sha256:2c126e929aa6b725d921a5c02e8b6ce999a8f3113494ca9fc94b3f1cbbdf3095",
                "sha256:37e1da0f78f1df38a33ccfe8431edd59cfdcbf249f56820028898cf5acbba0a5",
                "sha256:3b6b271de5664a2ac155954f38c09b6362f321f00734ff1f421e7ab721c7f98b",
                "sha256:4de6f599ec48e7807cc73812f43f2be22a2d7859310c6d99cf51ed436d41b4e5",
                "sha256:541394d10909aa379d396953bc4a3071aed754157d42de4ffd8ada91f15a4f1b",
                "sha256:584098ce99bc81ca71fcc5664228a1aea901e26b473f39c6b4d9945abb641421",
                "sha256:7bdb4e94462e91d10c7bf809c122db1459917d80202fe5cb88c6c04481b1a303",
                "sha256:7d7fb72758e5e11db4b946b342330c136034d1cf6759be9b182e17d619897de2",
                "sha256:829ff16c18900ca25af0007de027c796161ed8711ae22cc50a785e8e1e2f756a",
                "sha256:86b7fac171a4433a9c263ab74d59ca4cf0c2941765f2f9a0cd1925295f04838f",
                "sha256:88ecd6318e71d0a250efa016e80cfdcb987e7ce21793569b1751c20d3d022bb0",
                "sha256:9ba98169e360a4e8739803d7ebce5de693dc4cd5634a62eafb3b2bc3c7f0d7c4",
                "sha256:a22183b55a3e5725a350b76f9ef6898573c808cb63a465b4bd78f860dfb6ed8d",
                "sha256:bd1f1a57e9c89d6bf49b408c6fe151aad8c318237f2983dfc5b9a8202c6d20de",
                "sha256:c20dd01dee6212deb56d3df985fe9927a571000327251177d69f05a40c11ac19",
                "sha256:cbe901254597db9937b8dee4fe56c148fcfb792389f753fa35fff3696d04e5fa",
                "sha256:eec4c549d96d9678fe9df663226fc175562dcd7187af892bfe4711c9a0d99228",
                "sha256:f23c8ddc1550def024ea708d2aa7c999f301cd45ff17ca7bf9a762b48f0d4513",
                "sha256:ffe0bdd9b22a987028ca4e70df770edef987d54899ac5029c364d9c3c04e9e9d"
            ],
            "index": "pypi",
            "version": "==8.0.20"
        },
        "mysqlclient": {
            "hashes": [
                "sha256:4c82187dd6ab3607150fbb1fa5ef4643118f3da122b8ba31c3149ddd9cf0cb39",
                "sha256:9e6080a7aee4cc6a06b58b59239f20f1d259c1d2fddf68ddeed242d2311c7087",
                "sha256:f3fdaa9a38752a3b214a6fe79d7cae3653731a53e577821f9187e67cbecb2e16",
                "sha256:f646f8d17d02be0872291f258cce3813497bc7888cd4712a577fd1e719b2f213"
            ],
            "index": "pypi",
            "version": "==1.4.6"
        },
        "packaging": {
            "hashes": [
                "sha256:4357f74f47b9c12db93624a82154e9b120fa8293699949152b22065d556079f8",
                "sha256:998416ba6962ae7fbd6596850b80e17859a5753ba17c32284f67bfff33784181"
            ],
            "version": "==20.4"
        },
        "prettyconf": {
            "hashes": [
                "sha256:358af2f0d722999eaa4b3e0eb790fd10fad33bcb697d9bcacd53b58ff7fb342e"
            ],
            "index": "pypi",
            "version": "==2.1.0"
        },
        "protobuf": {
            "hashes": [
                "sha256:304e08440c4a41a0f3592d2a38934aad6919d692bb0edfb355548786728f9a5e",
                "sha256:49ef8ab4c27812a89a76fa894fe7a08f42f2147078392c0dee51d4a444ef6df5",
                "sha256:50b5fee674878b14baea73b4568dc478c46a31dd50157a5b5d2f71138243b1a9",
                "sha256:5524c7020eb1fb7319472cb75c4c3206ef18b34d6034d2ee420a60f99cddeb07",
                "sha256:612bc97e42b22af10ba25e4140963fbaa4c5181487d163f4eb55b0b15b3dfcd2",
                "sha256:6f349adabf1c004aba53f7b4633459f8ca8a09654bf7e69b509c95a454755776",
                "sha256:85b94d2653b0fdf6d879e39d51018bf5ccd86c81c04e18a98e9888694b98226f",
                "sha256:87535dc2d2ef007b9d44e309d2b8ea27a03d2fa09556a72364d706fcb7090828",
                "sha256:a7ab28a8f1f043c58d157bceb64f80e4d2f7f1b934bc7ff5e7f7a55a337ea8b0",
                "sha256:a96f8fc625e9ff568838e556f6f6ae8eca8b4837cdfb3f90efcb7c00e342a2eb",
                "sha256:b5a114ea9b7fc90c2cc4867a866512672a47f66b154c6d7ee7e48ddb68b68122",
                "sha256:be04fe14ceed7f8641e30f36077c1a654ff6f17d0c7a5283b699d057d150d82a",
                "sha256:bff02030bab8b969f4de597543e55bd05e968567acb25c0a87495a31eb09e925",
                "sha256:c9ca9f76805e5a637605f171f6c4772fc4a81eced4e2f708f79c75166a2c99ea",
                "sha256:e1464a4a2cf12f58f662c8e6421772c07947266293fb701cb39cd9c1e183f63c",
                "sha256:e72736dd822748b0721f41f9aaaf6a5b6d5cfc78f6c8690263aef8bba4457f0e",
                "sha256:eafe9fa19fcefef424ee089fb01ac7177ff3691af7cc2ae8791ae523eb6ca907",
                "sha256:f4b73736108a416c76c17a8a09bc73af3d91edaa26c682aaa460ef91a47168d3"
            ],
            "version": "==3.12.2"
        },
        "pyparsing": {
            "hashes": [
                "sha256:c203ec8783bf771a155b207279b9bccb8dea02d8f0c9e5f8ead507bc3246ecc1",
                "sha256:ef9d7589ef3c200abe66653d3f1ab1033c3c419ae9b9bdb1240a85b024efc88b"
            ],
            "version": "==2.4.7"
        },
        "python-json-logger": {
            "hashes": [
                "sha256:b7a31162f2a01965a5efb94453ce69230ed208468b0bbc7fdfc56e6d8df2e281"
            ],
            "version": "==0.1.11"
        },
        "pytz": {
            "hashes": [
                "sha256:a494d53b6d39c3c6e44c3bec237336e14305e4f29bbf800b599253057fbb79ed",
                "sha256:c35965d010ce31b23eeb663ed3cc8c906275d6be1a34393a1d73a41febf4a048"
            ],
            "version": "==2020.1"
        },
        "requests": {
            "hashes": [
                "sha256:43999036bfa82904b6af1d99e4882b560e5e2c68e5c4b0aa03b655f3d7d73fee",
                "sha256:b3f43d496c6daba4493e7c431722aeb7dbc6288f52a6e04e7b6023b0247817e6"
            ],
            "version": "==2.23.0"
        },
        "ruamel.yaml": {
            "hashes": [
                "sha256:0962fd7999e064c4865f96fb1e23079075f4a2a14849bcdc5cdba53a24f9759b",
                "sha256:099c644a778bf72ffa00524f78dd0b6476bca94a1da344130f4bf3381ce5b954"
            ],
            "version": "==0.16.10"
        },
        "ruamel.yaml.clib": {
            "hashes": [
                "sha256:1e77424825caba5553bbade750cec2277ef130647d685c2b38f68bc03453bac6",
                "sha256:392b7c371312abf27fb549ec2d5e0092f7ef6e6c9f767bfb13e83cb903aca0fd",
                "sha256:4d55386129291b96483edcb93b381470f7cd69f97585829b048a3d758d31210a",
                "sha256:550168c02d8de52ee58c3d8a8193d5a8a9491a5e7b2462d27ac5bf63717574c9",
                "sha256:57933a6986a3036257ad7bf283529e7c19c2810ff24c86f4a0cfeb49d2099919",
                "sha256:615b0396a7fad02d1f9a0dcf9f01202bf9caefee6265198f252c865f4227fcc6",
                "sha256:77556a7aa190be9a2bd83b7ee075d3df5f3c5016d395613671487e79b082d784",
                "sha256:7aee724e1ff424757b5bd8f6c5bbdb033a570b2b4683b17ace4dbe61a99a657b",
                "sha256:8073c8b92b06b572e4057b583c3d01674ceaf32167801fe545a087d7a1e8bf52",
                "sha256:9c6d040d0396c28d3eaaa6cb20152cb3b2f15adf35a0304f4f40a3cf9f1d2448",
                "sha256:a0ff786d2a7dbe55f9544b3f6ebbcc495d7e730df92a08434604f6f470b899c5",
                "sha256:b1b7fcee6aedcdc7e62c3a73f238b3d080c7ba6650cd808bce8d7761ec484070",
                "sha256:b66832ea8077d9b3f6e311c4a53d06273db5dc2db6e8a908550f3c14d67e718c",
                "sha256:be018933c2f4ee7de55e7bd7d0d801b3dfb09d21dad0cce8a97995fd3e44be30",
                "sha256:d0d3ac228c9bbab08134b4004d748cf9f8743504875b3603b3afbb97e3472947",
                "sha256:d10e9dd744cf85c219bf747c75194b624cc7a94f0c80ead624b06bfa9f61d3bc",
                "sha256:ea4362548ee0cbc266949d8a441238d9ad3600ca9910c3fe4e82ee3a50706973",
                "sha256:ed5b3698a2bb241b7f5cbbe277eaa7fe48b07a58784fba4f75224fd066d253ad",
                "sha256:f9dcc1ae73f36e8059589b601e8e4776b9976effd76c21ad6a855a74318efd6e"
            ],
            "markers": "platform_python_implementation == 'CPython' and python_version < '3.9'",
            "version": "==0.2.0"
        },
        "six": {
            "hashes": [
                "sha256:30639c035cdb23534cd4aa2dd52c3bf48f06e5f4a941509c8bafd8ce11080259",
                "sha256:8b74bedcbbbaca38ff6d7491d76f2b06b3592611af620f8426e82dddb04a5ced"
            ],
            "version": "==1.15.0"
        },
        "sqlparse": {
            "hashes": [
                "sha256:022fb9c87b524d1f7862b3037e541f68597a730a8843245c349fc93e1643dc4e",
                "sha256:e162203737712307dfe78860cc56c8da8a852ab2ee33750e33aeadf38d12c548"
            ],
            "version": "==0.3.1"
        },
        "uritemplate": {
            "hashes": [
                "sha256:07620c3f3f8eed1f12600845892b0e036a2420acf513c53f7de0abd911a5894f",
                "sha256:5af8ad10cec94f215e3f48112de2022e1d5a37ed427fbd88652fa908f2ab7cae"
            ],
            "version": "==3.0.1"
        },
        "urllib3": {
            "hashes": [
                "sha256:3018294ebefce6572a474f0604c2021e33b3fd8006ecd11d62107a5d2a963527",
                "sha256:88206b0eb87e6d677d424843ac5209e3fb9d0190d0ee169599165ec25e9d9115"
            ],
            "version": "==1.25.9"
        },
        "whitenoise": {
            "hashes": [
                "sha256:60154b976a13901414a25b0273a841145f77eb34a141f9ae032a0ace3e4d5b27",
                "sha256:6dd26bfda3af29177d8ab7333a0c7b7642eb615ce83764f4d15a9aecda3201c4"
            ],
            "index": "pypi",
            "version": "==5.1.0"
        }
    },
    "develop": {
        "appdirs": {
            "hashes": [
                "sha256:7d5d0167b2b1ba821647616af46a749d1c653740dd0d2415100fe26e27afdf41",
                "sha256:a841dacd6b99318a741b166adb07e19ee71a274450e68237b4650ca1055ab128"
            ],
            "version": "==1.4.4"
        },
        "attrs": {
            "hashes": [
                "sha256:08a96c641c3a74e44eb59afb61a24f2cb9f4d7188748e76ba4bb5edfa3cb7d1c",
                "sha256:f7b7ce16570fe9965acd6d30101a28f62fb4a7f9e926b3bbc9b61f8b04247e72"
            ],
            "version": "==19.3.0"
        },
        "backcall": {
            "hashes": [
                "sha256:38ecd85be2c1e78f77fd91700c76e14667dc21e2713b63876c0eb901196e01e4",
                "sha256:bbbf4b1e5cd2bdb08f915895b51081c041bac22394fdfcfdfbe9f14b77c08bf2"
            ],
            "version": "==0.1.0"
        },
        "black": {
            "hashes": [
                "sha256:09a9dcb7c46ed496a9850b76e4e825d6049ecd38b611f1224857a79bd985a8cf",
                "sha256:68950ffd4d9169716bcb8719a56c07a2f4485354fec061cdd5910aa07369731c"
            ],
            "index": "pypi",
            "version": "==19.3b0"
        },
        "cfgv": {
            "hashes": [
                "sha256:1ccf53320421aeeb915275a196e23b3b8ae87dea8ac6698b1638001d4a486d53",
                "sha256:c8e8f552ffcc6194f4e18dd4f68d9aef0c0d58ae7e7be8c82bee3c5e9edfa513"
            ],
            "version": "==3.1.0"
        },
        "click": {
            "hashes": [
                "sha256:d2b5255c7c6349bc1bd1e59e08cd12acbbd63ce649f2588755783aa94dfb6b1a",
                "sha256:dacca89f4bfadd5de3d7489b7c8a566eee0d3676333fbb50030263894c38c0dc"
            ],
            "version": "==7.1.2"
        },
        "coverage": {
            "hashes": [
                "sha256:00f1d23f4336efc3b311ed0d807feb45098fc86dee1ca13b3d6768cdab187c8a",
                "sha256:01333e1bd22c59713ba8a79f088b3955946e293114479bbfc2e37d522be03355",
                "sha256:0cb4be7e784dcdc050fc58ef05b71aa8e89b7e6636b99967fadbdba694cf2b65",
                "sha256:0e61d9803d5851849c24f78227939c701ced6704f337cad0a91e0972c51c1ee7",
                "sha256:1601e480b9b99697a570cea7ef749e88123c04b92d84cedaa01e117436b4a0a9",
                "sha256:2742c7515b9eb368718cd091bad1a1b44135cc72468c731302b3d641895b83d1",
                "sha256:2d27a3f742c98e5c6b461ee6ef7287400a1956c11421eb574d843d9ec1f772f0",
                "sha256:402e1744733df483b93abbf209283898e9f0d67470707e3c7516d84f48524f55",
                "sha256:5c542d1e62eece33c306d66fe0a5c4f7f7b3c08fecc46ead86d7916684b36d6c",
                "sha256:5f2294dbf7875b991c381e3d5af2bcc3494d836affa52b809c91697449d0eda6",
                "sha256:6402bd2fdedabbdb63a316308142597534ea8e1895f4e7d8bf7476c5e8751fef",
                "sha256:66460ab1599d3cf894bb6baee8c684788819b71a5dc1e8fa2ecc152e5d752019",
                "sha256:782caea581a6e9ff75eccda79287daefd1d2631cc09d642b6ee2d6da21fc0a4e",
                "sha256:79a3cfd6346ce6c13145731d39db47b7a7b859c0272f02cdb89a3bdcbae233a0",
                "sha256:7a5bdad4edec57b5fb8dae7d3ee58622d626fd3a0be0dfceda162a7035885ecf",
                "sha256:8fa0cbc7ecad630e5b0f4f35b0f6ad419246b02bc750de7ac66db92667996d24",
                "sha256:a027ef0492ede1e03a8054e3c37b8def89a1e3c471482e9f046906ba4f2aafd2",
                "sha256:a3f3654d5734a3ece152636aad89f58afc9213c6520062db3978239db122f03c",
                "sha256:a82b92b04a23d3c8a581fc049228bafde988abacba397d57ce95fe95e0338ab4",
                "sha256:acf3763ed01af8410fc36afea23707d4ea58ba7e86a8ee915dfb9ceff9ef69d0",
                "sha256:adeb4c5b608574a3d647011af36f7586811a2c1197c861aedb548dd2453b41cd",
                "sha256:b83835506dfc185a319031cf853fa4bb1b3974b1f913f5bb1a0f3d98bdcded04",
                "sha256:bb28a7245de68bf29f6fb199545d072d1036a1917dca17a1e75bbb919e14ee8e",
                "sha256:bf9cb9a9fd8891e7efd2d44deb24b86d647394b9705b744ff6f8261e6f29a730",
                "sha256:c317eaf5ff46a34305b202e73404f55f7389ef834b8dbf4da09b9b9b37f76dd2",
                "sha256:dbe8c6ae7534b5b024296464f387d57c13caa942f6d8e6e0346f27e509f0f768",
                "sha256:de807ae933cfb7f0c7d9d981a053772452217df2bf38e7e6267c9cbf9545a796",
                "sha256:dead2ddede4c7ba6cb3a721870f5141c97dc7d85a079edb4bd8d88c3ad5b20c7",
                "sha256:dec5202bfe6f672d4511086e125db035a52b00f1648d6407cc8e526912c0353a",
                "sha256:e1ea316102ea1e1770724db01998d1603ed921c54a86a2efcb03428d5417e489",
                "sha256:f90bfc4ad18450c80b024036eaf91e4a246ae287701aaa88eaebebf150868052"
            ],
            "version": "==5.1"
        },
        "decorator": {
            "hashes": [
                "sha256:41fa54c2a0cc4ba648be4fd43cff00aedf5b9465c9bf18d64325bc225f08f760",
                "sha256:e3a62f0520172440ca0dcc823749319382e377f37f140a0b99ef45fecb84bfe7"
            ],
            "version": "==4.4.2"
        },
        "distlib": {
            "hashes": [
                "sha256:2e166e231a26b36d6dfe35a48c4464346620f8645ed0ace01ee31822b288de21"
            ],
            "version": "==0.3.0"
        },
        "factory-boy": {
            "hashes": [
                "sha256:728df59b372c9588b83153facf26d3d28947fc750e8e3c95cefa9bed0e6394ee",
                "sha256:faf48d608a1735f0d0a3c9cbf536d64f9132b547dae7ba452c4d99a79e84a370"
            ],
            "index": "pypi",
            "version": "==2.12.0"
        },
        "faker": {
            "hashes": [
                "sha256:103c46b9701a151299c5bffe6fefcd4fb5fb04c3b5d06bee4952d36255d44ea2",
                "sha256:34ae397aef03a0a17910452f1e8430d57fa59e2d67b20e9b637218e8f7dd22b3"
            ],
            "version": "==4.1.0"
        },
        "filelock": {
            "hashes": [
                "sha256:18d82244ee114f543149c66a6e0c14e9c4f8a1044b5cdaadd0f82159d6a6ff59",
                "sha256:929b7d63ec5b7d6b71b0fa5ac14e030b3f70b75747cef1b10da9b879fef15836"
            ],
            "version": "==3.0.12"
        },
        "identify": {
            "hashes": [
                "sha256:249ebc7e2066d6393d27c1b1be3b70433f824a120b1d8274d362f1eb419e3b52",
                "sha256:781fd3401f5d2b17b22a8b18b493a48d5d948e3330634e82742e23f9c20234ef"
            ],
            "version": "==1.4.19"
        },
        "importlib-metadata": {
            "hashes": [
                "sha256:0505dd08068cfec00f53a74a0ad927676d7757da81b7436a6eefe4c7cf75c545",
                "sha256:15ec6c0fd909e893e3a08b3a7c76ecb149122fb14b7efe1199ddd4c7c57ea958"
            ],
            "markers": "python_version < '3.8'",
            "version": "==1.6.1"
        },
        "ipdb": {
            "hashes": [
                "sha256:77fb1c2a6fccdfee0136078c9ed6fe547ab00db00bebff181f1e8c9e13418d49"
            ],
            "index": "pypi",
            "version": "==0.13.2"
        },
        "ipython": {
            "hashes": [
                "sha256:5b241b84bbf0eb085d43ae9d46adf38a13b45929ca7774a740990c2c242534bb",
                "sha256:f0126781d0f959da852fb3089e170ed807388e986a8dd4e6ac44855845b0fb1c"
            ],
            "index": "pypi",
            "version": "==7.14.0"
        },
        "ipython-genutils": {
            "hashes": [
                "sha256:72dd37233799e619666c9f639a9da83c34013a73e8bbc79a7a6348d93c61fab8",
                "sha256:eb2e116e75ecef9d4d228fdc66af54269afa26ab4463042e33785b887c628ba8"
            ],
            "version": "==0.2.0"
        },
        "jedi": {
            "hashes": [
                "sha256:cd60c93b71944d628ccac47df9a60fec53150de53d42dc10a7fc4b5ba6aae798",
                "sha256:df40c97641cb943661d2db4c33c2e1ff75d491189423249e989bcea4464f3030"
            ],
            "version": "==0.17.0"
        },
        "more-itertools": {
            "hashes": [
                "sha256:558bb897a2232f5e4f8e2399089e35aecb746e1f9191b6584a151647e89267be",
                "sha256:7818f596b1e87be009031c7653d01acc46ed422e6656b394b0f765ce66ed4982"
            ],
            "version": "==8.3.0"
        },
        "nodeenv": {
            "hashes": [
                "sha256:4b0b77afa3ba9b54f4b6396e60b0c83f59eaeb2d63dc3cc7a70f7f4af96c82bc"
            ],
            "version": "==1.4.0"
        },
        "packaging": {
            "hashes": [
                "sha256:4357f74f47b9c12db93624a82154e9b120fa8293699949152b22065d556079f8",
                "sha256:998416ba6962ae7fbd6596850b80e17859a5753ba17c32284f67bfff33784181"
            ],
            "version": "==20.4"
        },
        "parso": {
            "hashes": [
                "sha256:158c140fc04112dc45bca311633ae5033c2c2a7b732fa33d0955bad8152a8dd0",
                "sha256:908e9fae2144a076d72ae4e25539143d40b8e3eafbaeae03c1bfe226f4cdf12c"
            ],
            "version": "==0.7.0"
        },
        "pexpect": {
            "hashes": [
                "sha256:0b48a55dcb3c05f3329815901ea4fc1537514d6ba867a152b581d69ae3710937",
                "sha256:fc65a43959d153d0114afe13997d439c22823a27cefceb5ff35c2178c6784c0c"
            ],
            "markers": "sys_platform != 'win32'",
            "version": "==4.8.0"
        },
        "pickleshare": {
            "hashes": [
                "sha256:87683d47965c1da65cdacaf31c8441d12b8044cdec9aca500cd78fc2c683afca",
                "sha256:9649af414d74d4df115d5d718f82acb59c9d418196b7b4290ed47a12ce62df56"
            ],
            "version": "==0.7.5"
        },
        "pluggy": {
            "hashes": [
                "sha256:15b2acde666561e1298d71b523007ed7364de07029219b604cf808bfa1c765b0",
                "sha256:966c145cd83c96502c3c3868f50408687b38434af77734af1e9ca461a4081d2d"
            ],
            "version": "==0.13.1"
        },
        "pre-commit": {
            "hashes": [
                "sha256:5559e09afcac7808933951ffaf4ff9aac524f31efbc3f24d021540b6c579813c",
                "sha256:703e2e34cbe0eedb0d319eff9f7b83e2022bb5a3ab5289a6a8841441076514d0"
            ],
            "index": "pypi",
            "version": "==2.4.0"
        },
        "prompt-toolkit": {
            "hashes": [
                "sha256:563d1a4140b63ff9dd587bda9557cffb2fe73650205ab6f4383092fb882e7dc8",
                "sha256:df7e9e63aea609b1da3a65641ceaf5bc7d05e0a04de5bd45d05dbeffbabf9e04"
            ],
            "version": "==3.0.5"
        },
        "ptyprocess": {
            "hashes": [
                "sha256:923f299cc5ad920c68f2bc0bc98b75b9f838b93b599941a6b63ddbc2476394c0",
                "sha256:d7cc528d76e76342423ca640335bd3633420dc1366f258cb31d05e865ef5ca1f"
            ],
            "version": "==0.6.0"
        },
        "py": {
            "hashes": [
                "sha256:5e27081401262157467ad6e7f851b7aa402c5852dbcb3dae06768434de5752aa",
                "sha256:c20fdd83a5dbc0af9efd622bee9a5564e278f6380fffcacc43ba6f43db2813b0"
            ],
            "version": "==1.8.1"
        },
        "pygments": {
            "hashes": [
                "sha256:647344a061c249a3b74e230c739f434d7ea4d8b1d5f3721bc0f3558049b38f44",
                "sha256:ff7a40b4860b727ab48fad6360eb351cc1b33cbf9b15a0f689ca5353e9463324"
            ],
            "version": "==2.6.1"
        },
        "pyparsing": {
            "hashes": [
                "sha256:c203ec8783bf771a155b207279b9bccb8dea02d8f0c9e5f8ead507bc3246ecc1",
                "sha256:ef9d7589ef3c200abe66653d3f1ab1033c3c419ae9b9bdb1240a85b024efc88b"
            ],
            "version": "==2.4.7"
        },
        "pytest": {
            "hashes": [
                "sha256:95c710d0a72d91c13fae35dce195633c929c3792f54125919847fdcdf7caa0d3",
                "sha256:eb2b5e935f6a019317e455b6da83dd8650ac9ffd2ee73a7b657a30873d67a698"
            ],
            "index": "pypi",
            "version": "==5.4.2"
        },
        "pytest-cov": {
            "hashes": [
                "sha256:b6a814b8ed6247bd81ff47f038511b57fe1ce7f4cc25b9106f1a4b106f1d9322",
                "sha256:c87dfd8465d865655a8213859f1b4749b43448b5fae465cb981e16d52a811424"
            ],
            "index": "pypi",
            "version": "==2.9.0"
        },
        "pytest-deadfixtures": {
            "hashes": [
                "sha256:16be27beadf0e13af06b0e89476664b03e57d0875913856e74fb35b30cbcca22",
                "sha256:4fa7c7031c3229be551a206b5128aec2d816dd7148b0d963b0086108ccaae080"
            ],
            "index": "pypi",
            "version": "==2.2.0"
        },
        "pytest-django": {
            "hashes": [
                "sha256:64f99d565dd9497af412fcab2989fe40982c1282d4118ff422b407f3f7275ca5",
                "sha256:664e5f42242e5e182519388f01b9f25d824a9feb7cd17d8f863c8d776f38baf9"
            ],
            "index": "pypi",
            "version": "==3.9.0"
        },
        "pytest-randomly": {
            "hashes": [
                "sha256:4e02887ba52f021cc8d5429e91e93be2b5df4adf38bf1715c7c153968b260b59",
                "sha256:e44a69623237e47cc4ee77da9c04c6b505ed1a7b00656dc1409f8344c707b87b"
            ],
            "index": "pypi",
            "version": "==3.4.0"
        },
        "python-dateutil": {
            "hashes": [
                "sha256:73ebfe9dbf22e832286dafa60473e4cd239f8592f699aa5adaf10050e6e1823c",
                "sha256:75bb3f31ea686f1197762692a9ee6a7550b59fc6ca3a1f4b5d7e32fb98e2da2a"
            ],
            "version": "==2.8.1"
        },
        "pyyaml": {
            "hashes": [
                "sha256:06a0d7ba600ce0b2d2fe2e78453a470b5a6e000a985dd4a4e54e436cc36b0e97",
                "sha256:240097ff019d7c70a4922b6869d8a86407758333f02203e0fc6ff79c5dcede76",
                "sha256:4f4b913ca1a7319b33cfb1369e91e50354d6f07a135f3b901aca02aa95940bd2",
                "sha256:69f00dca373f240f842b2931fb2c7e14ddbacd1397d57157a9b005a6a9942648",
                "sha256:73f099454b799e05e5ab51423c7bcf361c58d3206fa7b0d555426b1f4d9a3eaf",
                "sha256:74809a57b329d6cc0fdccee6318f44b9b8649961fa73144a98735b0aaf029f1f",
                "sha256:7739fc0fa8205b3ee8808aea45e968bc90082c10aef6ea95e855e10abf4a37b2",
                "sha256:95f71d2af0ff4227885f7a6605c37fd53d3a106fcab511b8860ecca9fcf400ee",
                "sha256:b8eac752c5e14d3eca0e6dd9199cd627518cb5ec06add0de9d32baeee6fe645d",
                "sha256:cc8955cfbfc7a115fa81d85284ee61147059a753344bc51098f3ccd69b0d7e0c",
                "sha256:d13155f591e6fcc1ec3b30685d50bf0711574e2c0dfffd7644babf8b5102ca1a"
            ],
            "version": "==5.3.1"
        },
        "six": {
            "hashes": [
                "sha256:30639c035cdb23534cd4aa2dd52c3bf48f06e5f4a941509c8bafd8ce11080259",
                "sha256:8b74bedcbbbaca38ff6d7491d76f2b06b3592611af620f8426e82dddb04a5ced"
            ],
            "version": "==1.15.0"
        },
        "text-unidecode": {
            "hashes": [
                "sha256:1311f10e8b895935241623731c2ba64f4c455287888b18189350b67134a822e8",
                "sha256:bad6603bb14d279193107714b288be206cac565dfa49aa5b105294dd5c4aab93"
            ],
            "version": "==1.3"
        },
        "toml": {
            "hashes": [
                "sha256:926b612be1e5ce0634a2ca03470f95169cf16f939018233a670519cb4ac58b0f",
                "sha256:bda89d5935c2eac546d648028b9901107a595863cb36bae0c73ac804a9b4ce88"
            ],
            "version": "==0.10.1"
        },
        "traitlets": {
            "hashes": [
                "sha256:70b4c6a1d9019d7b4f6846832288f86998aa3b9207c6821f3578a6a6a467fe44",
                "sha256:d023ee369ddd2763310e4c3eae1ff649689440d4ae59d7485eb4cfbbe3e359f7"
            ],
            "version": "==4.3.3"
        },
        "virtualenv": {
            "hashes": [
                "sha256:a116629d4e7f4d03433b8afa27f43deba09d48bc48f5ecefa4f015a178efb6cf",
                "sha256:a730548b27366c5e6cbdf6f97406d861cccece2e22275e8e1a757aeff5e00c70"
            ],
            "version": "==20.0.21"
        },
        "wcwidth": {
            "hashes": [
                "sha256:980fbf4f3c196c0f329cdcd1e84c554d6a211f18e252e525a0cf4223154a41d6",
                "sha256:edbc2b718b4db6cdf393eefe3a420183947d6aa312505ce6754516f458ff8830"
            ],
            "version": "==0.2.3"
        },
        "zipp": {
            "hashes": [
                "sha256:aa36550ff0c0b7ef7fa639055d797116ee891440eac1a56f378e2d3179e0320b",
                "sha256:c599e4d75c98f6798c509911d08a22e6c021d074469042177c8c86fb92eefd96"
            ],
            "version": "==3.1.0"
        }
    }
}
